
Microsoft Visual Studio Solution File, Format Version 12.00
# Visual Studio Version 16
VisualStudioVersion = 16.0.32802.440
MinimumVisualStudioVersion = 10.0.40219.1
Project("{FAE04EC0-301F-11D3-BF4B-00C04F79EFBC}") = "WebDev.WebHost", "WebDev.WebHost\WebDev.WebHost.csproj", "{0D82D0B5-E6BB-42D7-BE51-501E1D7BF59A}"
EndProject
Project("{FAE04EC0-301F-11D3-BF4B-00C04F79EFBC}") = "WebDev.WebServer", "WebDev.WebServer\WebDev.WebServer.csproj", "{AA352B30-3948-4830-B22D-AD9F7DE8B627}"
EndProject
Global
	GlobalSection(SolutionConfigurationPlatforms) = preSolution
		Debug|Any CPU = Debug|Any CPU
		Debug|x86 = Debug|x86
		Release|Any CPU = Release|Any CPU
		Release|x86 = Release|x86
	EndGlobalSection
	GlobalSection(ProjectConfigurationPlatforms) = postSolution
		{0D82D0B5-E6BB-42D7-BE51-501E1D7BF59A}.Debug|Any CPU.ActiveCfg = Debug|Any CPU
		{0D82D0B5-E6BB-42D7-BE51-501E1D7BF59A}.Debug|Any CPU.Build.0 = Debug|Any CPU
		{0D82D0B5-E6BB-42D7-BE51-501E1D7BF59A}.Debug|x86.ActiveCfg = Debug|x86
		{0D82D0B5-E6BB-42D7-BE51-501E1D7BF59A}.Debug|x86.Build.0 = Debug|x86
		{0D82D0B5-E6BB-42D7-BE51-501E1D7BF59A}.Release|Any CPU.ActiveCfg = Release|Any CPU
		{0D82D0B5-E6BB-42D7-BE51-501E1D7BF59A}.Release|Any CPU.Build.0 = Release|Any CPU
		{0D82D0B5-E6BB-42D7-BE51-501E1D7BF59A}.Release|x86.ActiveCfg = Release|x86
		{0D82D0B5-E6BB-42D7-BE51-501E1D7BF59A}.Release|x86.Build.0 = Release|x86
		{AA352B30-3948-4830-B22D-AD9F7DE8B627}.Debug|Any CPU.ActiveCfg = Debug|Any CPU
		{AA352B30-3948-4830-B22D-AD9F7DE8B627}.Debug|Any CPU.Build.0 = Debug|Any CPU
		{AA352B30-3948-4830-B22D-AD9F7DE8B627}.Debug|x86.ActiveCfg = Debug|x86
		{AA352B30-3948-4830-B22D-AD9F7DE8B627}.Debug|x86.Build.0 = Debug|x86
		{AA352B30-3948-4830-B22D-AD9F7DE8B627}.Release|Any CPU.ActiveCfg = Release|Any CPU
		{AA352B30-3948-4830-B22D-AD9F7DE8B627}.Release|Any CPU.Build.0 = Release|Any CPU
		{AA352B30-3948-4830-B22D-AD9F7DE8B627}.Release|x86.ActiveCfg = Release|x86
		{AA352B30-3948-4830-B22D-AD9F7DE8B627}.Release|x86.Build.0 = Release|x86
	EndGlobalSection
	GlobalSection(SolutionProperties) = preSolution
		HideSolutionNode = FALSE
	EndGlobalSection
	GlobalSection(ExtensibilityGlobals) = postSolution
		SolutionGuid = {D922906D-83F0-42C9-BF07-1BFDB517B839}
	EndGlobalSection
EndGlobal
